// !$*UTF8*$!
{
	archiveVersion = 1;
	classes = {
	};
	objectVersion = 48;
	objects = {

/* Begin PBXBuildFile section */
		70A25CCCAC67183A9EA21C68 /* Pods_TFTableViewManager.framework in Frameworks */ = {isa = PBXBuildFile; fileRef = 661DD5803152380DA2666724 /* Pods_TFTableViewManager.framework */; };
		B00CEDA72126AA16000CD9EB /* ASDisplayNode+NodePlaceholder.m in Sources */ = {isa = PBXBuildFile; fileRef = B00CEDA62126AA16000CD9EB /* ASDisplayNode+NodePlaceholder.m */; };
		B05924DA212BA4DA001C483A /* NodeLoader.swift in Sources */ = {isa = PBXBuildFile; fileRef = B05924D9212BA4DA001C483A /* NodeLoader.swift */; };
		B05924DD212BE846001C483A /* LoaderCutoutNode.m in Sources */ = {isa = PBXBuildFile; fileRef = B05924DC212BE846001C483A /* LoaderCutoutNode.m */; };
		B092A3572121782B00F05898 /* LikesNode.m in Sources */ = {isa = PBXBuildFile; fileRef = B092A3542121782B00F05898 /* LikesNode.m */; };
		B092A3582121782B00F05898 /* CommentsNode.m in Sources */ = {isa = PBXBuildFile; fileRef = B092A3562121782B00F05898 /* CommentsNode.m */; };
		B092A35B2121784F00F05898 /* TimeLineItem.m in Sources */ = {isa = PBXBuildFile; fileRef = B092A3592121784F00F05898 /* TimeLineItem.m */; };
		B092A3612121787F00F05898 /* TimeLineItemCellNode.m in Sources */ = {isa = PBXBuildFile; fileRef = B092A3602121787F00F05898 /* TimeLineItemCellNode.m */; };
		B092A365212178EF00F05898 /* TextStyle.m in Sources */ = {isa = PBXBuildFile; fileRef = B092A363212178EF00F05898 /* TextStyle.m */; };
		B092A368212178F500F05898 /* data.plist in Resources */ = {isa = PBXBuildFile; fileRef = B092A367212178F500F05898 /* data.plist */; };
		B092A36B21217B8500F05898 /* TestTimelineViewController.m in Sources */ = {isa = PBXBuildFile; fileRef = B092A36A21217B8500F05898 /* TestTimelineViewController.m */; };
		B092A36E21217EAE00F05898 /* SimpleTest.swift in Sources */ = {isa = PBXBuildFile; fileRef = B092A36D21217EAE00F05898 /* SimpleTest.swift */; };
		B0EF5BDC212A96F100D79A1F /* ListLoaderOC.m in Sources */ = {isa = PBXBuildFile; fileRef = B0EF5BDB212A96F100D79A1F /* ListLoaderOC.m */; };
		B0EF5BE2212A993500D79A1F /* CutoutView.m in Sources */ = {isa = PBXBuildFile; fileRef = B0EF5BE1212A993500D79A1F /* CutoutView.m */; };
		B0EF5BE5212A9F3600D79A1F /* UIColor+LoaderColor.m in Sources */ = {isa = PBXBuildFile; fileRef = B0EF5BE4212A9F3600D79A1F /* UIColor+LoaderColor.m */; };
		C407CDEF1FF233F000CD1DF4 /* TestSectionHeaderView.m in Sources */ = {isa = PBXBuildFile; fileRef = C407CDEE1FF233F000CD1DF4 /* TestSectionHeaderView.m */; };
		C42A2BE01F7B829200004F81 /* TestUIDefaultViewController.m in Sources */ = {isa = PBXBuildFile; fileRef = C42A2BD61F7B829200004F81 /* TestUIDefaultViewController.m */; };
		C42A2BE11F7B829200004F81 /* TestASDefaultItemViewController.m in Sources */ = {isa = PBXBuildFile; fileRef = C42A2BD81F7B829200004F81 /* TestASDefaultItemViewController.m */; };
		C42A2BE21F7B829200004F81 /* TestASTableVIewManagerViewController.m in Sources */ = {isa = PBXBuildFile; fileRef = C42A2BDC1F7B829200004F81 /* TestASTableVIewManagerViewController.m */; };
		C42A2BE31F7B829200004F81 /* TestUITableVIewManagerViewController.m in Sources */ = {isa = PBXBuildFile; fileRef = C42A2BDE1F7B829200004F81 /* TestUITableVIewManagerViewController.m */; };
		C42A2BE41F7B829200004F81 /* TMRootViewController.m in Sources */ = {isa = PBXBuildFile; fileRef = C42A2BDF1F7B829200004F81 /* TMRootViewController.m */; };
		C4C02FDD1F7B8370002F0E96 /* TestModel.m in Sources */ = {isa = PBXBuildFile; fileRef = C4C02FD41F7B8370002F0E96 /* TestModel.m */; };
		C4C02FDE1F7B8370002F0E96 /* TestItemCell.m in Sources */ = {isa = PBXBuildFile; fileRef = C4C02FD71F7B8370002F0E96 /* TestItemCell.m */; };
		C4C02FDF1F7B8370002F0E96 /* TestItemCellNode.m in Sources */ = {isa = PBXBuildFile; fileRef = C4C02FD91F7B8370002F0E96 /* TestItemCellNode.m */; };
		C4C02FE01F7B8370002F0E96 /* TestItem.m in Sources */ = {isa = PBXBuildFile; fileRef = C4C02FDC1F7B8370002F0E96 /* TestItem.m */; };
		C4EEA2CB1F7A5C5C00B90410 /* AppDelegate.m in Sources */ = {isa = PBXBuildFile; fileRef = C4EEA2CA1F7A5C5C00B90410 /* AppDelegate.m */; };
		C4EEA2D11F7A5C5C00B90410 /* Main.storyboard in Resources */ = {isa = PBXBuildFile; fileRef = C4EEA2CF1F7A5C5C00B90410 /* Main.storyboard */; };
		C4EEA2D31F7A5C5C00B90410 /* Assets.xcassets in Resources */ = {isa = PBXBuildFile; fileRef = C4EEA2D21F7A5C5C00B90410 /* Assets.xcassets */; };
		C4EEA2D61F7A5C5C00B90410 /* LaunchScreen.storyboard in Resources */ = {isa = PBXBuildFile; fileRef = C4EEA2D41F7A5C5C00B90410 /* LaunchScreen.storyboard */; };
		C4EEA2D91F7A5C5C00B90410 /* main.m in Sources */ = {isa = PBXBuildFile; fileRef = C4EEA2D81F7A5C5C00B90410 /* main.m */; };
/* End PBXBuildFile section */

/* Begin PBXFileReference section */
		661DD5803152380DA2666724 /* Pods_TFTableViewManager.framework */ = {isa = PBXFileReference; explicitFileType = wrapper.framework; includeInIndex = 0; path = Pods_TFTableViewManager.framework; sourceTree = BUILT_PRODUCTS_DIR; };
		73F1DA04C906C2CB9F0BCDBC /* Pods-TFTableViewManager.debug.xcconfig */ = {isa = PBXFileReference; includeInIndex = 1; lastKnownFileType = text.xcconfig; name = "Pods-TFTableViewManager.debug.xcconfig"; path = "Pods/Target Support Files/Pods-TFTableViewManager/Pods-TFTableViewManager.debug.xcconfig"; sourceTree = "<group>"; };
		B00CEDA52126AA16000CD9EB /* ASDisplayNode+NodePlaceholder.h */ = {isa = PBXFileReference; lastKnownFileType = sourcecode.c.h; path = "ASDisplayNode+NodePlaceholder.h"; sourceTree = "<group>"; };
		B00CEDA62126AA16000CD9EB /* ASDisplayNode+NodePlaceholder.m */ = {isa = PBXFileReference; lastKnownFileType = sourcecode.c.objc; path = "ASDisplayNode+NodePlaceholder.m"; sourceTree = "<group>"; };
		B05924D9212BA4DA001C483A /* NodeLoader.swift */ = {isa = PBXFileReference; fileEncoding = 4; lastKnownFileType = sourcecode.swift; path = NodeLoader.swift; sourceTree = "<group>"; };
		B05924DB212BE846001C483A /* LoaderCutoutNode.h */ = {isa = PBXFileReference; lastKnownFileType = sourcecode.c.h; path = LoaderCutoutNode.h; sourceTree = "<group>"; };
		B05924DC212BE846001C483A /* LoaderCutoutNode.m */ = {isa = PBXFileReference; lastKnownFileType = sourcecode.c.objc; path = LoaderCutoutNode.m; sourceTree = "<group>"; };
		B092A3532121782B00F05898 /* CommentsNode.h */ = {isa = PBXFileReference; fileEncoding = 4; lastKnownFileType = sourcecode.c.h; path = CommentsNode.h; sourceTree = "<group>"; };
		B092A3542121782B00F05898 /* LikesNode.m */ = {isa = PBXFileReference; fileEncoding = 4; lastKnownFileType = sourcecode.c.objc; path = LikesNode.m; sourceTree = "<group>"; };
		B092A3552121782B00F05898 /* LikesNode.h */ = {isa = PBXFileReference; fileEncoding = 4; lastKnownFileType = sourcecode.c.h; path = LikesNode.h; sourceTree = "<group>"; };
		B092A3562121782B00F05898 /* CommentsNode.m */ = {isa = PBXFileReference; fileEncoding = 4; lastKnownFileType = sourcecode.c.objc; path = CommentsNode.m; sourceTree = "<group>"; };
		B092A3592121784F00F05898 /* TimeLineItem.m */ = {isa = PBXFileReference; fileEncoding = 4; lastKnownFileType = sourcecode.c.objc; path = TimeLineItem.m; sourceTree = "<group>"; };
		B092A35A2121784F00F05898 /* TimeLineItem.h */ = {isa = PBXFileReference; fileEncoding = 4; lastKnownFileType = sourcecode.c.h; path = TimeLineItem.h; sourceTree = "<group>"; };
		B092A35F2121787F00F05898 /* TimeLineItemCellNode.h */ = {isa = PBXFileReference; fileEncoding = 4; lastKnownFileType = sourcecode.c.h; path = TimeLineItemCellNode.h; sourceTree = "<group>"; };
		B092A3602121787F00F05898 /* TimeLineItemCellNode.m */ = {isa = PBXFileReference; fileEncoding = 4; lastKnownFileType = sourcecode.c.objc; path = TimeLineItemCellNode.m; sourceTree = "<group>"; };
		B092A363212178EF00F05898 /* TextStyle.m */ = {isa = PBXFileReference; fileEncoding = 4; lastKnownFileType = sourcecode.c.objc; path = TextStyle.m; sourceTree = "<group>"; };
		B092A364212178EF00F05898 /* TextStyle.h */ = {isa = PBXFileReference; fileEncoding = 4; lastKnownFileType = sourcecode.c.h; path = TextStyle.h; sourceTree = "<group>"; };
		B092A367212178F500F05898 /* data.plist */ = {isa = PBXFileReference; fileEncoding = 4; lastKnownFileType = text.plist.xml; path = data.plist; sourceTree = "<group>"; };
		B092A36921217B8500F05898 /* TestTimelineViewController.h */ = {isa = PBXFileReference; lastKnownFileType = sourcecode.c.h; path = TestTimelineViewController.h; sourceTree = "<group>"; };
		B092A36A21217B8500F05898 /* TestTimelineViewController.m */ = {isa = PBXFileReference; lastKnownFileType = sourcecode.c.objc; path = TestTimelineViewController.m; sourceTree = "<group>"; };
		B092A36C21217EAE00F05898 /* TFTableViewManager-Bridging-Header.h */ = {isa = PBXFileReference; lastKnownFileType = sourcecode.c.h; path = "TFTableViewManager-Bridging-Header.h"; sourceTree = "<group>"; };
		B092A36D21217EAE00F05898 /* SimpleTest.swift */ = {isa = PBXFileReference; lastKnownFileType = sourcecode.swift; path = SimpleTest.swift; sourceTree = "<group>"; };
		B0EF5BDA212A96F100D79A1F /* ListLoaderOC.h */ = {isa = PBXFileReference; lastKnownFileType = sourcecode.c.h; path = ListLoaderOC.h; sourceTree = "<group>"; };
		B0EF5BDB212A96F100D79A1F /* ListLoaderOC.m */ = {isa = PBXFileReference; lastKnownFileType = sourcecode.c.objc; path = ListLoaderOC.m; sourceTree = "<group>"; };
		B0EF5BE0212A993500D79A1F /* CutoutView.h */ = {isa = PBXFileReference; lastKnownFileType = sourcecode.c.h; path = CutoutView.h; sourceTree = "<group>"; };
		B0EF5BE1212A993500D79A1F /* CutoutView.m */ = {isa = PBXFileReference; lastKnownFileType = sourcecode.c.objc; path = CutoutView.m; sourceTree = "<group>"; };
		B0EF5BE3212A9F3600D79A1F /* UIColor+LoaderColor.h */ = {isa = PBXFileReference; lastKnownFileType = sourcecode.c.h; path = "UIColor+LoaderColor.h"; sourceTree = "<group>"; };
		B0EF5BE4212A9F3600D79A1F /* UIColor+LoaderColor.m */ = {isa = PBXFileReference; lastKnownFileType = sourcecode.c.objc; path = "UIColor+LoaderColor.m"; sourceTree = "<group>"; };
		C407CDED1FF233F000CD1DF4 /* TestSectionHeaderView.h */ = {isa = PBXFileReference; lastKnownFileType = sourcecode.c.h; path = TestSectionHeaderView.h; sourceTree = "<group>"; };
		C407CDEE1FF233F000CD1DF4 /* TestSectionHeaderView.m */ = {isa = PBXFileReference; lastKnownFileType = sourcecode.c.objc; path = TestSectionHeaderView.m; sourceTree = "<group>"; };
		C42A2BD61F7B829200004F81 /* TestUIDefaultViewController.m */ = {isa = PBXFileReference; fileEncoding = 4; lastKnownFileType = sourcecode.c.objc; path = TestUIDefaultViewController.m; sourceTree = "<group>"; };
		C42A2BD71F7B829200004F81 /* TestUIDefaultViewController.h */ = {isa = PBXFileReference; fileEncoding = 4; lastKnownFileType = sourcecode.c.h; path = TestUIDefaultViewController.h; sourceTree = "<group>"; };
		C42A2BD81F7B829200004F81 /* TestASDefaultItemViewController.m */ = {isa = PBXFileReference; fileEncoding = 4; lastKnownFileType = sourcecode.c.objc; path = TestASDefaultItemViewController.m; sourceTree = "<group>"; };
		C42A2BD91F7B829200004F81 /* TestASTableVIewManagerViewController.h */ = {isa = PBXFileReference; fileEncoding = 4; lastKnownFileType = sourcecode.c.h; path = TestASTableVIewManagerViewController.h; sourceTree = "<group>"; };
		C42A2BDA1F7B829200004F81 /* TestUITableVIewManagerViewController.h */ = {isa = PBXFileReference; fileEncoding = 4; lastKnownFileType = sourcecode.c.h; path = TestUITableVIewManagerViewController.h; sourceTree = "<group>"; };
		C42A2BDB1F7B829200004F81 /* TMRootViewController.h */ = {isa = PBXFileReference; fileEncoding = 4; lastKnownFileType = sourcecode.c.h; path = TMRootViewController.h; sourceTree = "<group>"; };
		C42A2BDC1F7B829200004F81 /* TestASTableVIewManagerViewController.m */ = {isa = PBXFileReference; fileEncoding = 4; lastKnownFileType = sourcecode.c.objc; path = TestASTableVIewManagerViewController.m; sourceTree = "<group>"; };
		C42A2BDD1F7B829200004F81 /* TestASDefaultItemViewController.h */ = {isa = PBXFileReference; fileEncoding = 4; lastKnownFileType = sourcecode.c.h; path = TestASDefaultItemViewController.h; sourceTree = "<group>"; };
		C42A2BDE1F7B829200004F81 /* TestUITableVIewManagerViewController.m */ = {isa = PBXFileReference; fileEncoding = 4; lastKnownFileType = sourcecode.c.objc; path = TestUITableVIewManagerViewController.m; sourceTree = "<group>"; };
		C42A2BDF1F7B829200004F81 /* TMRootViewController.m */ = {isa = PBXFileReference; fileEncoding = 4; lastKnownFileType = sourcecode.c.objc; path = TMRootViewController.m; sourceTree = "<group>"; };
		C4C02FD31F7B8370002F0E96 /* TestModel.h */ = {isa = PBXFileReference; fileEncoding = 4; lastKnownFileType = sourcecode.c.h; path = TestModel.h; sourceTree = "<group>"; };
		C4C02FD41F7B8370002F0E96 /* TestModel.m */ = {isa = PBXFileReference; fileEncoding = 4; lastKnownFileType = sourcecode.c.objc; path = TestModel.m; sourceTree = "<group>"; };
		C4C02FD61F7B8370002F0E96 /* TestItemCell.h */ = {isa = PBXFileReference; fileEncoding = 4; lastKnownFileType = sourcecode.c.h; path = TestItemCell.h; sourceTree = "<group>"; };
		C4C02FD71F7B8370002F0E96 /* TestItemCell.m */ = {isa = PBXFileReference; fileEncoding = 4; lastKnownFileType = sourcecode.c.objc; path = TestItemCell.m; sourceTree = "<group>"; };
		C4C02FD81F7B8370002F0E96 /* TestItemCellNode.h */ = {isa = PBXFileReference; fileEncoding = 4; lastKnownFileType = sourcecode.c.h; path = TestItemCellNode.h; sourceTree = "<group>"; };
		C4C02FD91F7B8370002F0E96 /* TestItemCellNode.m */ = {isa = PBXFileReference; fileEncoding = 4; lastKnownFileType = sourcecode.c.objc; path = TestItemCellNode.m; sourceTree = "<group>"; };
		C4C02FDB1F7B8370002F0E96 /* TestItem.h */ = {isa = PBXFileReference; fileEncoding = 4; lastKnownFileType = sourcecode.c.h; path = TestItem.h; sourceTree = "<group>"; };
		C4C02FDC1F7B8370002F0E96 /* TestItem.m */ = {isa = PBXFileReference; fileEncoding = 4; lastKnownFileType = sourcecode.c.objc; path = TestItem.m; sourceTree = "<group>"; };
		C4EEA2C61F7A5C5B00B90410 /* TFTableViewManager.app */ = {isa = PBXFileReference; explicitFileType = wrapper.application; includeInIndex = 0; path = TFTableViewManager.app; sourceTree = BUILT_PRODUCTS_DIR; };
		C4EEA2C91F7A5C5C00B90410 /* AppDelegate.h */ = {isa = PBXFileReference; lastKnownFileType = sourcecode.c.h; path = AppDelegate.h; sourceTree = "<group>"; };
		C4EEA2CA1F7A5C5C00B90410 /* AppDelegate.m */ = {isa = PBXFileReference; lastKnownFileType = sourcecode.c.objc; path = AppDelegate.m; sourceTree = "<group>"; };
		C4EEA2D01F7A5C5C00B90410 /* Base */ = {isa = PBXFileReference; lastKnownFileType = file.storyboard; name = Base; path = Base.lproj/Main.storyboard; sourceTree = "<group>"; };
		C4EEA2D21F7A5C5C00B90410 /* Assets.xcassets */ = {isa = PBXFileReference; lastKnownFileType = folder.assetcatalog; path = Assets.xcassets; sourceTree = "<group>"; };
		C4EEA2D51F7A5C5C00B90410 /* Base */ = {isa = PBXFileReference; lastKnownFileType = file.storyboard; name = Base; path = Base.lproj/LaunchScreen.storyboard; sourceTree = "<group>"; };
		C4EEA2D71F7A5C5C00B90410 /* Info.plist */ = {isa = PBXFileReference; lastKnownFileType = text.plist.xml; path = Info.plist; sourceTree = "<group>"; };
		C4EEA2D81F7A5C5C00B90410 /* main.m */ = {isa = PBXFileReference; lastKnownFileType = sourcecode.c.objc; path = main.m; sourceTree = "<group>"; };
		D394F017D2F769F598342B42 /* Pods-TFTableViewManager.release.xcconfig */ = {isa = PBXFileReference; includeInIndex = 1; lastKnownFileType = text.xcconfig; name = "Pods-TFTableViewManager.release.xcconfig"; path = "Pods/Target Support Files/Pods-TFTableViewManager/Pods-TFTableViewManager.release.xcconfig"; sourceTree = "<group>"; };
/* End PBXFileReference section */

/* Begin PBXFrameworksBuildPhase section */
		C4EEA2C31F7A5C5B00B90410 /* Frameworks */ = {
			isa = PBXFrameworksBuildPhase;
			buildActionMask = 2147483647;
			files = (
				70A25CCCAC67183A9EA21C68 /* Pods_TFTableViewManager.framework in Frameworks */,
			);
			runOnlyForDeploymentPostprocessing = 0;
		};
/* End PBXFrameworksBuildPhase section */

/* Begin PBXGroup section */
		7604B891BEC49F331AF2AA0B /* Frameworks */ = {
			isa = PBXGroup;
			children = (
				661DD5803152380DA2666724 /* Pods_TFTableViewManager.framework */,
			);
			name = Frameworks;
			sourceTree = "<group>";
		};
		B01A5E94212AB06300EFC33D /* NodeLoader */ = {
			isa = PBXGroup;
			children = (
				B00CEDA52126AA16000CD9EB /* ASDisplayNode+NodePlaceholder.h */,
				B00CEDA62126AA16000CD9EB /* ASDisplayNode+NodePlaceholder.m */,
				B0EF5BDA212A96F100D79A1F /* ListLoaderOC.h */,
				B0EF5BDB212A96F100D79A1F /* ListLoaderOC.m */,
				B0EF5BE0212A993500D79A1F /* CutoutView.h */,
				B0EF5BE1212A993500D79A1F /* CutoutView.m */,
				B0EF5BE3212A9F3600D79A1F /* UIColor+LoaderColor.h */,
				B0EF5BE4212A9F3600D79A1F /* UIColor+LoaderColor.m */,
				B05924DB212BE846001C483A /* LoaderCutoutNode.h */,
				B05924DC212BE846001C483A /* LoaderCutoutNode.m */,
			);
			path = NodeLoader;
			sourceTree = "<group>";
		};
		B092A362212178EF00F05898 /* Style */ = {
			isa = PBXGroup;
			children = (
				B092A363212178EF00F05898 /* TextStyle.m */,
				B092A364212178EF00F05898 /* TextStyle.h */,
			);
			path = Style;
			sourceTree = "<group>";
		};
		B092A366212178F500F05898 /* Data */ = {
			isa = PBXGroup;
			children = (
				B092A367212178F500F05898 /* data.plist */,
			);
			path = Data;
			sourceTree = "<group>";
		};
		C407CDEC1FF233D000CD1DF4 /* Views */ = {
			isa = PBXGroup;
			children = (
				B05924D9212BA4DA001C483A /* NodeLoader.swift */,
				B01A5E94212AB06300EFC33D /* NodeLoader */,
				B092A3532121782B00F05898 /* CommentsNode.h */,
				B092A3562121782B00F05898 /* CommentsNode.m */,
				B092A3552121782B00F05898 /* LikesNode.h */,
				B092A3542121782B00F05898 /* LikesNode.m */,
				C407CDED1FF233F000CD1DF4 /* TestSectionHeaderView.h */,
				C407CDEE1FF233F000CD1DF4 /* TestSectionHeaderView.m */,
			);
			path = Views;
			sourceTree = "<group>";
		};
		C42A2BD51F7B80E800004F81 /* ViewControllers */ = {
			isa = PBXGroup;
			children = (
				C42A2BDD1F7B829200004F81 /* TestASDefaultItemViewController.h */,
				C42A2BD81F7B829200004F81 /* TestASDefaultItemViewController.m */,
				C42A2BD91F7B829200004F81 /* TestASTableVIewManagerViewController.h */,
				C42A2BDC1F7B829200004F81 /* TestASTableVIewManagerViewController.m */,
				C42A2BD71F7B829200004F81 /* TestUIDefaultViewController.h */,
				C42A2BD61F7B829200004F81 /* TestUIDefaultViewController.m */,
				C42A2BDA1F7B829200004F81 /* TestUITableVIewManagerViewController.h */,
				C42A2BDE1F7B829200004F81 /* TestUITableVIewManagerViewController.m */,
				C42A2BDB1F7B829200004F81 /* TMRootViewController.h */,
				C42A2BDF1F7B829200004F81 /* TMRootViewController.m */,
				B092A36921217B8500F05898 /* TestTimelineViewController.h */,
				B092A36A21217B8500F05898 /* TestTimelineViewController.m */,
				B092A36D21217EAE00F05898 /* SimpleTest.swift */,
				B092A36C21217EAE00F05898 /* TFTableViewManager-Bridging-Header.h */,
			);
			path = ViewControllers;
			sourceTree = "<group>";
		};
		C4C02FD21F7B8370002F0E96 /* Models */ = {
			isa = PBXGroup;
			children = (
				C4C02FD31F7B8370002F0E96 /* TestModel.h */,
				C4C02FD41F7B8370002F0E96 /* TestModel.m */,
			);
			path = Models;
			sourceTree = "<group>";
		};
		C4C02FD51F7B8370002F0E96 /* CellsAndCellNodes */ = {
			isa = PBXGroup;
			children = (
				B092A35F2121787F00F05898 /* TimeLineItemCellNode.h */,
				B092A3602121787F00F05898 /* TimeLineItemCellNode.m */,
				C4C02FD61F7B8370002F0E96 /* TestItemCell.h */,
				C4C02FD71F7B8370002F0E96 /* TestItemCell.m */,
				C4C02FD81F7B8370002F0E96 /* TestItemCellNode.h */,
				C4C02FD91F7B8370002F0E96 /* TestItemCellNode.m */,
			);
			path = CellsAndCellNodes;
			sourceTree = "<group>";
		};
		C4C02FDA1F7B8370002F0E96 /* Items */ = {
			isa = PBXGroup;
			children = (
				B092A35A2121784F00F05898 /* TimeLineItem.h */,
				B092A3592121784F00F05898 /* TimeLineItem.m */,
				C4C02FDB1F7B8370002F0E96 /* TestItem.h */,
				C4C02FDC1F7B8370002F0E96 /* TestItem.m */,
			);
			path = Items;
			sourceTree = "<group>";
		};
		C4EEA2BD1F7A5C5B00B90410 = {
			isa = PBXGroup;
			children = (
				C4EEA2C81F7A5C5C00B90410 /* TFTableViewManager */,
				C4EEA2C71F7A5C5B00B90410 /* Products */,
				E912654DB94A8F707713C9B2 /* Pods */,
				7604B891BEC49F331AF2AA0B /* Frameworks */,
			);
			sourceTree = "<group>";
		};
		C4EEA2C71F7A5C5B00B90410 /* Products */ = {
			isa = PBXGroup;
			children = (
				C4EEA2C61F7A5C5B00B90410 /* TFTableViewManager.app */,
			);
			name = Products;
			sourceTree = "<group>";
		};
		C4EEA2C81F7A5C5C00B90410 /* TFTableViewManager */ = {
			isa = PBXGroup;
			children = (
				B092A366212178F500F05898 /* Data */,
				B092A362212178EF00F05898 /* Style */,
				C407CDEC1FF233D000CD1DF4 /* Views */,
				C4C02FD51F7B8370002F0E96 /* CellsAndCellNodes */,
				C4C02FDA1F7B8370002F0E96 /* Items */,
				C4C02FD21F7B8370002F0E96 /* Models */,
				C42A2BD51F7B80E800004F81 /* ViewControllers */,
				C4EEA2C91F7A5C5C00B90410 /* AppDelegate.h */,
				C4EEA2CA1F7A5C5C00B90410 /* AppDelegate.m */,
				C4EEA2CF1F7A5C5C00B90410 /* Main.storyboard */,
				C4EEA2D21F7A5C5C00B90410 /* Assets.xcassets */,
				C4EEA2D41F7A5C5C00B90410 /* LaunchScreen.storyboard */,
				C4EEA2D71F7A5C5C00B90410 /* Info.plist */,
				C4EEA2D81F7A5C5C00B90410 /* main.m */,
			);
			path = TFTableViewManager;
			sourceTree = "<group>";
		};
		E912654DB94A8F707713C9B2 /* Pods */ = {
			isa = PBXGroup;
			children = (
				73F1DA04C906C2CB9F0BCDBC /* Pods-TFTableViewManager.debug.xcconfig */,
				D394F017D2F769F598342B42 /* Pods-TFTableViewManager.release.xcconfig */,
			);
			name = Pods;
			sourceTree = "<group>";
		};
/* End PBXGroup section */

/* Begin PBXNativeTarget section */
		C4EEA2C51F7A5C5B00B90410 /* TFTableViewManager */ = {
			isa = PBXNativeTarget;
			buildConfigurationList = C4EEA2DC1F7A5C5C00B90410 /* Build configuration list for PBXNativeTarget "TFTableViewManager" */;
			buildPhases = (
				41C28D639458D14CF6092C40 /* [CP] Check Pods Manifest.lock */,
				C4EEA2C21F7A5C5B00B90410 /* Sources */,
				C4EEA2C31F7A5C5B00B90410 /* Frameworks */,
				C4EEA2C41F7A5C5B00B90410 /* Resources */,
				6C76D1D36384CA5C1F4D1C3A /* [CP] Embed Pods Frameworks */,
			);
			buildRules = (
			);
			dependencies = (
			);
			name = TFTableViewManager;
			productName = TFTableViewManager;
			productReference = C4EEA2C61F7A5C5B00B90410 /* TFTableViewManager.app */;
			productType = "com.apple.product-type.application";
		};
/* End PBXNativeTarget section */

/* Begin PBXProject section */
		C4EEA2BE1F7A5C5B00B90410 /* Project object */ = {
			isa = PBXProject;
			attributes = {
				LastUpgradeCheck = 1000;
				ORGANIZATIONNAME = "TFAppleWork-Summer";
				TargetAttributes = {
					C4EEA2C51F7A5C5B00B90410 = {
						CreatedOnToolsVersion = 9.0;
						LastSwiftMigration = 1000;
						ProvisioningStyle = Manual;
					};
				};
			};
			buildConfigurationList = C4EEA2C11F7A5C5B00B90410 /* Build configuration list for PBXProject "TFTableViewManager" */;
			compatibilityVersion = "Xcode 8.0";
			developmentRegion = en;
			hasScannedForEncodings = 0;
			knownRegions = (
				en,
				Base,
			);
			mainGroup = C4EEA2BD1F7A5C5B00B90410;
			productRefGroup = C4EEA2C71F7A5C5B00B90410 /* Products */;
			projectDirPath = "";
			projectRoot = "";
			targets = (
				C4EEA2C51F7A5C5B00B90410 /* TFTableViewManager */,
			);
		};
/* End PBXProject section */

/* Begin PBXResourcesBuildPhase section */
		C4EEA2C41F7A5C5B00B90410 /* Resources */ = {
			isa = PBXResourcesBuildPhase;
			buildActionMask = 2147483647;
			files = (
				C4EEA2D61F7A5C5C00B90410 /* LaunchScreen.storyboard in Resources */,
				C4EEA2D31F7A5C5C00B90410 /* Assets.xcassets in Resources */,
				B092A368212178F500F05898 /* data.plist in Resources */,
				C4EEA2D11F7A5C5C00B90410 /* Main.storyboard in Resources */,
			);
			runOnlyForDeploymentPostprocessing = 0;
		};
/* End PBXResourcesBuildPhase section */

/* Begin PBXShellScriptBuildPhase section */
		41C28D639458D14CF6092C40 /* [CP] Check Pods Manifest.lock */ = {
			isa = PBXShellScriptBuildPhase;
			buildActionMask = 2147483647;
			files = (
			);
			inputPaths = (
				"${PODS_PODFILE_DIR_PATH}/Podfile.lock",
				"${PODS_ROOT}/Manifest.lock",
			);
			name = "[CP] Check Pods Manifest.lock";
			outputPaths = (
				"$(DERIVED_FILE_DIR)/Pods-TFTableViewManager-checkManifestLockResult.txt",
			);
			runOnlyForDeploymentPostprocessing = 0;
			shellPath = /bin/sh;
			shellScript = "diff \"${PODS_PODFILE_DIR_PATH}/Podfile.lock\" \"${PODS_ROOT}/Manifest.lock\" > /dev/null\nif [ $? != 0 ] ; then\n    # print error to STDERR\n    echo \"error: The sandbox is not in sync with the Podfile.lock. Run 'pod install' or update your CocoaPods installation.\" >&2\n    exit 1\nfi\n# This output is used by Xcode 'outputs' to avoid re-running this script phase.\necho \"SUCCESS\" > \"${SCRIPT_OUTPUT_FILE_0}\"\n";
			showEnvVarsInLog = 0;
		};
		6C76D1D36384CA5C1F4D1C3A /* [CP] Embed Pods Frameworks */ = {
			isa = PBXShellScriptBuildPhase;
			buildActionMask = 2147483647;
			files = (
			);
			inputPaths = (
				"${SRCROOT}/Pods/Target Support Files/Pods-TFTableViewManager/Pods-TFTableViewManager-frameworks.sh",
				"${BUILT_PRODUCTS_DIR}/PINCache/PINCache.framework",
				"${BUILT_PRODUCTS_DIR}/PINOperation/PINOperation.framework",
				"${BUILT_PRODUCTS_DIR}/PINRemoteImage/PINRemoteImage.framework",
				"${BUILT_PRODUCTS_DIR}/TFTableViewManager/TFTableViewManager.framework",
				"${BUILT_PRODUCTS_DIR}/Texture/AsyncDisplayKit.framework",
			);
			name = "[CP] Embed Pods Frameworks";
			outputPaths = (
				"${TARGET_BUILD_DIR}/${FRAMEWORKS_FOLDER_PATH}/PINCache.framework",
				"${TARGET_BUILD_DIR}/${FRAMEWORKS_FOLDER_PATH}/PINOperation.framework",
				"${TARGET_BUILD_DIR}/${FRAMEWORKS_FOLDER_PATH}/PINRemoteImage.framework",
				"${TARGET_BUILD_DIR}/${FRAMEWORKS_FOLDER_PATH}/TFTableViewManager.framework",
				"${TARGET_BUILD_DIR}/${FRAMEWORKS_FOLDER_PATH}/AsyncDisplayKit.framework",
			);
			runOnlyForDeploymentPostprocessing = 0;
			shellPath = /bin/sh;
			shellScript = "\"${SRCROOT}/Pods/Target Support Files/Pods-TFTableViewManager/Pods-TFTableViewManager-frameworks.sh\"\n";
			showEnvVarsInLog = 0;
		};
/* End PBXShellScriptBuildPhase section */

/* Begin PBXSourcesBuildPhase section */
		C4EEA2C21F7A5C5B00B90410 /* Sources */ = {
			isa = PBXSourcesBuildPhase;
			buildActionMask = 2147483647;
			files = (
				C42A2BE01F7B829200004F81 /* TestUIDefaultViewController.m in Sources */,
				B0EF5BDC212A96F100D79A1F /* ListLoaderOC.m in Sources */,
				C4C02FE01F7B8370002F0E96 /* TestItem.m in Sources */,
				B092A365212178EF00F05898 /* TextStyle.m in Sources */,
				B092A36B21217B8500F05898 /* TestTimelineViewController.m in Sources */,
				C42A2BE11F7B829200004F81 /* TestASDefaultItemViewController.m in Sources */,
				B092A3582121782B00F05898 /* CommentsNode.m in Sources */,
				B092A36E21217EAE00F05898 /* SimpleTest.swift in Sources */,
				C4C02FDF1F7B8370002F0E96 /* TestItemCellNode.m in Sources */,
				B0EF5BE5212A9F3600D79A1F /* UIColor+LoaderColor.m in Sources */,
				B092A3572121782B00F05898 /* LikesNode.m in Sources */,
				C42A2BE31F7B829200004F81 /* TestUITableVIewManagerViewController.m in Sources */,
				B00CEDA72126AA16000CD9EB /* ASDisplayNode+NodePlaceholder.m in Sources */,
				C4EEA2D91F7A5C5C00B90410 /* main.m in Sources */,
				C4C02FDE1F7B8370002F0E96 /* TestItemCell.m in Sources */,
				C42A2BE41F7B829200004F81 /* TMRootViewController.m in Sources */,
				B05924DD212BE846001C483A /* LoaderCutoutNode.m in Sources */,
				B05924DA212BA4DA001C483A /* NodeLoader.swift in Sources */,
				B092A35B2121784F00F05898 /* TimeLineItem.m in Sources */,
				B0EF5BE2212A993500D79A1F /* CutoutView.m in Sources */,
				C4EEA2CB1F7A5C5C00B90410 /* AppDelegate.m in Sources */,
				C42A2BE21F7B829200004F81 /* TestASTableVIewManagerViewController.m in Sources */,
				B092A3612121787F00F05898 /* TimeLineItemCellNode.m in Sources */,
				C4C02FDD1F7B8370002F0E96 /* TestModel.m in Sources */,
				C407CDEF1FF233F000CD1DF4 /* TestSectionHeaderView.m in Sources */,
			);
			runOnlyForDeploymentPostprocessing = 0;
		};
/* End PBXSourcesBuildPhase section */

/* Begin PBXVariantGroup section */
		C4EEA2CF1F7A5C5C00B90410 /* Main.storyboard */ = {
			isa = PBXVariantGroup;
			children = (
				C4EEA2D01F7A5C5C00B90410 /* Base */,
			);
			name = Main.storyboard;
			sourceTree = "<group>";
		};
		C4EEA2D41F7A5C5C00B90410 /* LaunchScreen.storyboard */ = {
			isa = PBXVariantGroup;
			children = (
				C4EEA2D51F7A5C5C00B90410 /* Base */,
			);
			name = LaunchScreen.storyboard;
			sourceTree = "<group>";
		};
/* End PBXVariantGroup section */

/* Begin XCBuildConfiguration section */
		C4EEA2DA1F7A5C5C00B90410 /* Debug */ = {
			isa = XCBuildConfiguration;
			buildSettings = {
				ALWAYS_SEARCH_USER_PATHS = NO;
				CLANG_ANALYZER_NONNULL = YES;
				CLANG_ANALYZER_NUMBER_OBJECT_CONVERSION = YES_AGGRESSIVE;
				CLANG_CXX_LANGUAGE_STANDARD = "gnu++14";
				CLANG_CXX_LIBRARY = "libc++";
				CLANG_ENABLE_MODULES = YES;
				CLANG_ENABLE_OBJC_ARC = YES;
				CLANG_WARN_BLOCK_CAPTURE_AUTORELEASING = YES;
				CLANG_WARN_BOOL_CONVERSION = YES;
				CLANG_WARN_COMMA = YES;
				CLANG_WARN_CONSTANT_CONVERSION = YES;
				CLANG_WARN_DEPRECATED_OBJC_IMPLEMENTATIONS = YES;
				CLANG_WARN_DIRECT_OBJC_ISA_USAGE = YES_ERROR;
				CLANG_WARN_DOCUMENTATION_COMMENTS = YES;
				CLANG_WARN_EMPTY_BODY = YES;
				CLANG_WARN_ENUM_CONVERSION = YES;
				CLANG_WARN_INFINITE_RECURSION = YES;
				CLANG_WARN_INT_CONVERSION = YES;
				CLANG_WARN_NON_LITERAL_NULL_CONVERSION = YES;
				CLANG_WARN_OBJC_IMPLICIT_RETAIN_SELF = YES;
				CLANG_WARN_OBJC_LITERAL_CONVERSION = YES;
				CLANG_WARN_OBJC_ROOT_CLASS = YES_ERROR;
				CLANG_WARN_RANGE_LOOP_ANALYSIS = YES;
				CLANG_WARN_STRICT_PROTOTYPES = YES;
				CLANG_WARN_SUSPICIOUS_MOVE = YES;
				CLANG_WARN_UNGUARDED_AVAILABILITY = YES_AGGRESSIVE;
				CLANG_WARN_UNREACHABLE_CODE = YES;
				CLANG_WARN__DUPLICATE_METHOD_MATCH = YES;
				CODE_SIGN_IDENTITY = "iPhone Developer";
				COPY_PHASE_STRIP = NO;
				DEBUG_INFORMATION_FORMAT = dwarf;
				ENABLE_STRICT_OBJC_MSGSEND = YES;
				ENABLE_TESTABILITY = YES;
				GCC_C_LANGUAGE_STANDARD = gnu11;
				GCC_DYNAMIC_NO_PIC = NO;
				GCC_NO_COMMON_BLOCKS = YES;
				GCC_OPTIMIZATION_LEVEL = 0;
				GCC_PREPROCESSOR_DEFINITIONS = (
					"DEBUG=1",
					"$(inherited)",
				);
				GCC_WARN_64_TO_32_BIT_CONVERSION = YES;
				GCC_WARN_ABOUT_RETURN_TYPE = YES_ERROR;
				GCC_WARN_UNDECLARED_SELECTOR = YES;
				GCC_WARN_UNINITIALIZED_AUTOS = YES_AGGRESSIVE;
				GCC_WARN_UNUSED_FUNCTION = YES;
				GCC_WARN_UNUSED_VARIABLE = YES;
				IPHONEOS_DEPLOYMENT_TARGET = 10.0;
				MTL_ENABLE_DEBUG_INFO = YES;
				ONLY_ACTIVE_ARCH = YES;
				SDKROOT = iphoneos;
			};
			name = Debug;
		};
		C4EEA2DB1F7A5C5C00B90410 /* Release */ = {
			isa = XCBuildConfiguration;
			buildSettings = {
				ALWAYS_SEARCH_USER_PATHS = NO;
				CLANG_ANALYZER_NONNULL = YES;
				CLANG_ANALYZER_NUMBER_OBJECT_CONVERSION = YES_AGGRESSIVE;
				CLANG_CXX_LANGUAGE_STANDARD = "gnu++14";
				CLANG_CXX_LIBRARY = "libc++";
				CLANG_ENABLE_MODULES = YES;
				CLANG_ENABLE_OBJC_ARC = YES;
				CLANG_WARN_BLOCK_CAPTURE_AUTORELEASING = YES;
				CLANG_WARN_BOOL_CONVERSION = YES;
				CLANG_WARN_COMMA = YES;
				CLANG_WARN_CONSTANT_CONVERSION = YES;
				CLANG_WARN_DEPRECATED_OBJC_IMPLEMENTATIONS = YES;
				CLANG_WARN_DIRECT_OBJC_ISA_USAGE = YES_ERROR;
				CLANG_WARN_DOCUMENTATION_COMMENTS = YES;
				CLANG_WARN_EMPTY_BODY = YES;
				CLANG_WARN_ENUM_CONVERSION = YES;
				CLANG_WARN_INFINITE_RECURSION = YES;
				CLANG_WARN_INT_CONVERSION = YES;
				CLANG_WARN_NON_LITERAL_NULL_CONVERSION = YES;
				CLANG_WARN_OBJC_IMPLICIT_RETAIN_SELF = YES;
				CLANG_WARN_OBJC_LITERAL_CONVERSION = YES;
				CLANG_WARN_OBJC_ROOT_CLASS = YES_ERROR;
				CLANG_WARN_RANGE_LOOP_ANALYSIS = YES;
				CLANG_WARN_STRICT_PROTOTYPES = YES;
				CLANG_WARN_SUSPICIOUS_MOVE = YES;
				CLANG_WARN_UNGUARDED_AVAILABILITY = YES_AGGRESSIVE;
				CLANG_WARN_UNREACHABLE_CODE = YES;
				CLANG_WARN__DUPLICATE_METHOD_MATCH = YES;
				CODE_SIGN_IDENTITY = "iPhone Developer";
				COPY_PHASE_STRIP = NO;
				DEBUG_INFORMATION_FORMAT = "dwarf-with-dsym";
				ENABLE_NS_ASSERTIONS = NO;
				ENABLE_STRICT_OBJC_MSGSEND = YES;
				GCC_C_LANGUAGE_STANDARD = gnu11;
				GCC_NO_COMMON_BLOCKS = YES;
				GCC_WARN_64_TO_32_BIT_CONVERSION = YES;
				GCC_WARN_ABOUT_RETURN_TYPE = YES_ERROR;
				GCC_WARN_UNDECLARED_SELECTOR = YES;
				GCC_WARN_UNINITIALIZED_AUTOS = YES_AGGRESSIVE;
				GCC_WARN_UNUSED_FUNCTION = YES;
				GCC_WARN_UNUSED_VARIABLE = YES;
				IPHONEOS_DEPLOYMENT_TARGET = 10.0;
				MTL_ENABLE_DEBUG_INFO = NO;
				SDKROOT = iphoneos;
				SWIFT_COMPILATION_MODE = wholemodule;
				VALIDATE_PRODUCT = YES;
			};
			name = Release;
		};
		C4EEA2DD1F7A5C5C00B90410 /* Debug */ = {
			isa = XCBuildConfiguration;
			baseConfigurationReference = 73F1DA04C906C2CB9F0BCDBC /* Pods-TFTableViewManager.debug.xcconfig */;
			buildSettings = {
				ASSETCATALOG_COMPILER_APPICON_NAME = AppIcon;
				CLANG_ENABLE_MODULES = YES;
				CODE_SIGN_STYLE = Manual;
				DEFINES_MODULE = YES;
				DEVELOPMENT_TEAM = 9LA25E73B7;
				INFOPLIST_FILE = TFTableViewManager/Info.plist;
				LD_RUNPATH_SEARCH_PATHS = "$(inherited) @executable_path/Frameworks";
				PRODUCT_BUNDLE_IDENTIFIER = cn.timeface.test.demo.TFTableViewManager;
				PRODUCT_NAME = "$(TARGET_NAME)";
				PROVISIONING_PROFILE_SPECIFIER = DemoAppTestDevelopmentProfile;
				SWIFT_OBJC_BRIDGING_HEADER = "TFTableViewManager/ViewControllers/TFTableViewManager-Bridging-Header.h";
				SWIFT_OPTIMIZATION_LEVEL = "-Onone";
				SWIFT_VERSION = 4.2;
				TARGETED_DEVICE_FAMILY = "1,2";
			};
			name = Debug;
		};
		C4EEA2DE1F7A5C5C00B90410 /* Release */ = {
			isa = XCBuildConfiguration;
			baseConfigurationReference = D394F017D2F769F598342B42 /* Pods-TFTableViewManager.release.xcconfig */;
			buildSettings = {
				ASSETCATALOG_COMPILER_APPICON_NAME = AppIcon;
				CLANG_ENABLE_MODULES = YES;
				CODE_SIGN_IDENTITY = "iPhone Distribution";
				CODE_SIGN_STYLE = Manual;
				DEFINES_MODULE = YES;
				DEVELOPMENT_TEAM = 9LA25E73B7;
				INFOPLIST_FILE = TFTableViewManager/Info.plist;
				LD_RUNPATH_SEARCH_PATHS = "$(inherited) @executable_path/Frameworks";
				PRODUCT_BUNDLE_IDENTIFIER = cn.timeface.test.demo.TFTableViewManager;
				PRODUCT_NAME = "$(TARGET_NAME)";
				PROVISIONING_PROFILE_SPECIFIER = DemoAppTestAdHocProfile;
				SWIFT_OBJC_BRIDGING_HEADER = "TFTableViewManager/ViewControllers/TFTableViewManager-Bridging-Header.h";
				SWIFT_VERSION = 4.2;
				TARGETED_DEVICE_FAMILY = "1,2";
			};
			name = Release;
		};
/* End XCBuildConfiguration section */

/* Begin XCConfigurationList section */
		C4EEA2C11F7A5C5B00B90410 /* Build configuration list for PBXProject "TFTableViewManager" */ = {
			isa = XCConfigurationList;
			buildConfigurations = (
				C4EEA2DA1F7A5C5C00B90410 /* Debug */,
				C4EEA2DB1F7A5C5C00B90410 /* Release */,
			);
			defaultConfigurationIsVisible = 0;
			defaultConfigurationName = Release;
		};
		C4EEA2DC1F7A5C5C00B90410 /* Build configuration list for PBXNativeTarget "TFTableViewManager" */ = {
			isa = XCConfigurationList;
			buildConfigurations = (
				C4EEA2DD1F7A5C5C00B90410 /* Debug */,
				C4EEA2DE1F7A5C5C00B90410 /* Release */,
			);
			defaultConfigurationIsVisible = 0;
			defaultConfigurationName = Release;
		};
/* End XCConfigurationList section */
	};
	rootObject = C4EEA2BE1F7A5C5B00B90410 /* Project object */;
}
